
Microsoft Visual Studio Solution File, Format Version 12.00
# Visual Studio 2012
Project("{FAE04EC0-301F-11D3-BF4B-00C04F79EFBC}") = "Formation", "Formation\Formation.csproj", "{EA1B5DD9-AE37-4572-A0C0-9E0784DB89D3}"
EndProject
Project("{FAE04EC0-301F-11D3-BF4B-00C04F79EFBC}") = "Formation.Tests", "Formation.Tests\Formation.Tests.csproj", "{80C825B6-CBF1-4304-AF0C-2EBA96F2F771}"
EndProject
Global
	GlobalSection(SolutionConfigurationPlatforms) = preSolution
		Debug|Any CPU = Debug|Any CPU
		Release|Any CPU = Release|Any CPU
	EndGlobalSection
	GlobalSection(ProjectConfigurationPlatforms) = postSolution
		{EA1B5DD9-AE37-4572-A0C0-9E0784DB89D3}.Debug|Any CPU.ActiveCfg = Debug|Any CPU
		{EA1B5DD9-AE37-4572-A0C0-9E0784DB89D3}.Debug|Any CPU.Build.0 = Debug|Any CPU
		{EA1B5DD9-AE37-4572-A0C0-9E0784DB89D3}.Release|Any CPU.ActiveCfg = Release|Any CPU
		{EA1B5DD9-AE37-4572-A0C0-9E0784DB89D3}.Release|Any CPU.Build.0 = Release|Any CPU
		{80C825B6-CBF1-4304-AF0C-2EBA96F2F771}.Debug|Any CPU.ActiveCfg = Debug|Any CPU
		{80C825B6-CBF1-4304-AF0C-2EBA96F2F771}.Debug|Any CPU.Build.0 = Debug|Any CPU
		{80C825B6-CBF1-4304-AF0C-2EBA96F2F771}.Release|Any CPU.ActiveCfg = Release|Any CPU
		{80C825B6-CBF1-4304-AF0C-2EBA96F2F771}.Release|Any CPU.Build.0 = Release|Any CPU
	EndGlobalSection
EndGlobal
